PODS:
  - DZNEmptyDataSet (1.8.1)
  - MBProgressHUD (1.0.0)

DEPENDENCIES:
  - DZNEmptyDataSet
  - MBProgressHUD (~> 1.0.0)

SPEC CHECKSUMS:
  DZNEmptyDataSet: 9525833b9e68ac21c30253e1d3d7076cc828eaa7
  MBProgressHUD: 4890f671c94e8a0f3cf959aa731e9de2f036d71a

PODFILE CHECKSUM: 5669893b5929c4357e24f742ad471e0f566c3392

COCOAPODS: 1.2.1
